// !$*UTF8*$!
{
	archiveVersion = 1;
	classes = {
	};
	objectVersion = 50;
	objects = {

/* Begin PBXBuildFile section */
		F1F07FA624912105001DEA9B /* AppDelegate.swift in Sources */ = {isa = PBXBuildFile; fileRef = F1F07FA524912105001DEA9B /* AppDelegate.swift */; };
		F1F07FA824912105001DEA9B /* SceneDelegate.swift in Sources */ = {isa = PBXBuildFile; fileRef = F1F07FA724912105001DEA9B /* SceneDelegate.swift */; };
		F1F07FAD24912105001DEA9B /* Main.storyboard in Resources */ = {isa = PBXBuildFile; fileRef = F1F07FAB24912105001DEA9B /* Main.storyboard */; };
		F1F07FAF24912108001DEA9B /* Assets.xcassets in Resources */ = {isa = PBXBuildFile; fileRef = F1F07FAE24912108001DEA9B /* Assets.xcassets */; };
		F1F07FB224912108001DEA9B /* LaunchScreen.storyboard in Resources */ = {isa = PBXBuildFile; fileRef = F1F07FB024912108001DEA9B /* LaunchScreen.storyboard */; };
		F1F07FBD24912108001DEA9B /* captionBreakTests.swift in Sources */ = {isa = PBXBuildFile; fileRef = F1F07FBC24912108001DEA9B /* captionBreakTests.swift */; };
		F1F07FC824912108001DEA9B /* captionBreakUITests.swift in Sources */ = {isa = PBXBuildFile; fileRef = F1F07FC724912108001DEA9B /* captionBreakUITests.swift */; };
		F1F07FD824913752001DEA9B /* homeVC.swift in Sources */ = {isa = PBXBuildFile; fileRef = F1F07FD724913752001DEA9B /* homeVC.swift */; };
		F1F07FDA24913770001DEA9B /* homeView.swift in Sources */ = {isa = PBXBuildFile; fileRef = F1F07FD924913770001DEA9B /* homeView.swift */; };
		F1F07FDC24913A4F001DEA9B /* tabBarVC.swift in Sources */ = {isa = PBXBuildFile; fileRef = F1F07FDB24913A4F001DEA9B /* tabBarVC.swift */; };
		F1F07FDF24913DA4001DEA9B /* textEditBar.swift in Sources */ = {isa = PBXBuildFile; fileRef = F1F07FDE24913DA4001DEA9B /* textEditBar.swift */; };
		F1F07FE224918604001DEA9B /* previewVC.swift in Sources */ = {isa = PBXBuildFile; fileRef = F1F07FE124918604001DEA9B /* previewVC.swift */; };
		F1F07FE42491861A001DEA9B /* previewView.swift in Sources */ = {isa = PBXBuildFile; fileRef = F1F07FE32491861A001DEA9B /* previewView.swift */; };
		F1F07FE6249196CC001DEA9B /* extensions.swift in Sources */ = {isa = PBXBuildFile; fileRef = F1F07FE5249196CC001DEA9B /* extensions.swift */; };
/* End PBXBuildFile section */

/* Begin PBXContainerItemProxy section */
		F1F07FB924912108001DEA9B /* PBXContainerItemProxy */ = {
			isa = PBXContainerItemProxy;
			containerPortal = F1F07F9A24912105001DEA9B /* Project object */;
			proxyType = 1;
			remoteGlobalIDString = F1F07FA124912105001DEA9B;
			remoteInfo = captionBreak;
		};
		F1F07FC424912108001DEA9B /* PBXContainerItemProxy */ = {
			isa = PBXContainerItemProxy;
			containerPortal = F1F07F9A24912105001DEA9B /* Project object */;
			proxyType = 1;
			remoteGlobalIDString = F1F07FA124912105001DEA9B;
			remoteInfo = captionBreak;
		};
/* End PBXContainerItemProxy section */

/* Begin PBXFileReference section */
		F1F07FA224912105001DEA9B /* captionBreak.app */ = {isa = PBXFileReference; explicitFileType = wrapper.application; includeInIndex = 0; path = captionBreak.app; sourceTree = BUILT_PRODUCTS_DIR; };
		F1F07FA524912105001DEA9B /* AppDelegate.swift */ = {isa = PBXFileReference; lastKnownFileType = sourcecode.swift; path = AppDelegate.swift; sourceTree = "<group>"; };
		F1F07FA724912105001DEA9B /* SceneDelegate.swift */ = {isa = PBXFileReference; lastKnownFileType = sourcecode.swift; path = SceneDelegate.swift; sourceTree = "<group>"; };
		F1F07FAC24912105001DEA9B /* Base */ = {isa = PBXFileReference; lastKnownFileType = file.storyboard; name = Base; path = Base.lproj/Main.storyboard; sourceTree = "<group>"; };
		F1F07FAE24912108001DEA9B /* Assets.xcassets */ = {isa = PBXFileReference; lastKnownFileType = folder.assetcatalog; path = Assets.xcassets; sourceTree = "<group>"; };
		F1F07FB124912108001DEA9B /* Base */ = {isa = PBXFileReference; lastKnownFileType = file.storyboard; name = Base; path = Base.lproj/LaunchScreen.storyboard; sourceTree = "<group>"; };
		F1F07FB324912108001DEA9B /* Info.plist */ = {isa = PBXFileReference; lastKnownFileType = text.plist.xml; path = Info.plist; sourceTree = "<group>"; };
		F1F07FB824912108001DEA9B /* captionBreakTests.xctest */ = {isa = PBXFileReference; explicitFileType = wrapper.cfbundle; includeInIndex = 0; path = captionBreakTests.xctest; sourceTree = BUILT_PRODUCTS_DIR; };
		F1F07FBC24912108001DEA9B /* captionBreakTests.swift */ = {isa = PBXFileReference; lastKnownFileType = sourcecode.swift; path = captionBreakTests.swift; sourceTree = "<group>"; };
		F1F07FBE24912108001DEA9B /* Info.plist */ = {isa = PBXFileReference; lastKnownFileType = text.plist.xml; path = Info.plist; sourceTree = "<group>"; };
		F1F07FC324912108001DEA9B /* captionBreakUITests.xctest */ = {isa = PBXFileReference; explicitFileType = wrapper.cfbundle; includeInIndex = 0; path = captionBreakUITests.xctest; sourceTree = BUILT_PRODUCTS_DIR; };
		F1F07FC724912108001DEA9B /* captionBreakUITests.swift */ = {isa = PBXFileReference; lastKnownFileType = sourcecode.swift; path = captionBreakUITests.swift; sourceTree = "<group>"; };
		F1F07FC924912108001DEA9B /* Info.plist */ = {isa = PBXFileReference; lastKnownFileType = text.plist.xml; path = Info.plist; sourceTree = "<group>"; };
		F1F07FD724913752001DEA9B /* homeVC.swift */ = {isa = PBXFileReference; lastKnownFileType = sourcecode.swift; path = homeVC.swift; sourceTree = "<group>"; };
		F1F07FD924913770001DEA9B /* homeView.swift */ = {isa = PBXFileReference; lastKnownFileType = sourcecode.swift; path = homeView.swift; sourceTree = "<group>"; };
		F1F07FDB24913A4F001DEA9B /* tabBarVC.swift */ = {isa = PBXFileReference; lastKnownFileType = sourcecode.swift; path = tabBarVC.swift; sourceTree = "<group>"; };
		F1F07FDE24913DA4001DEA9B /* textEditBar.swift */ = {isa = PBXFileReference; lastKnownFileType = sourcecode.swift; path = textEditBar.swift; sourceTree = "<group>"; };
		F1F07FE124918604001DEA9B /* previewVC.swift */ = {isa = PBXFileReference; lastKnownFileType = sourcecode.swift; path = previewVC.swift; sourceTree = "<group>"; };
		F1F07FE32491861A001DEA9B /* previewView.swift */ = {isa = PBXFileReference; lastKnownFileType = sourcecode.swift; path = previewView.swift; sourceTree = "<group>"; };
		F1F07FE5249196CC001DEA9B /* extensions.swift */ = {isa = PBXFileReference; lastKnownFileType = sourcecode.swift; path = extensions.swift; sourceTree = "<group>"; };
/* End PBXFileReference section */

/* Begin PBXFrameworksBuildPhase section */
		F1F07F9F24912105001DEA9B /* Frameworks */ = {
			isa = PBXFrameworksBuildPhase;
			buildActionMask = 2147483647;
			files = (
			);
			runOnlyForDeploymentPostprocessing = 0;
		};
		F1F07FB524912108001DEA9B /* Frameworks */ = {
			isa = PBXFrameworksBuildPhase;
			buildActionMask = 2147483647;
			files = (
			);
			runOnlyForDeploymentPostprocessing = 0;
		};
		F1F07FC024912108001DEA9B /* Frameworks */ = {
			isa = PBXFrameworksBuildPhase;
			buildActionMask = 2147483647;
			files = (
			);
			runOnlyForDeploymentPostprocessing = 0;
		};
/* End PBXFrameworksBuildPhase section */

/* Begin PBXGroup section */
		F1F07F9924912105001DEA9B = {
			isa = PBXGroup;
			children = (
				F1F07FA424912105001DEA9B /* captionBreak */,
				F1F07FBB24912108001DEA9B /* captionBreakTests */,
				F1F07FC624912108001DEA9B /* captionBreakUITests */,
				F1F07FA324912105001DEA9B /* Products */,
			);
			sourceTree = "<group>";
		};
		F1F07FA324912105001DEA9B /* Products */ = {
			isa = PBXGroup;
			children = (
				F1F07FA224912105001DEA9B /* captionBreak.app */,
				F1F07FB824912108001DEA9B /* captionBreakTests.xctest */,
				F1F07FC324912108001DEA9B /* captionBreakUITests.xctest */,
			);
			name = Products;
			sourceTree = "<group>";
		};
		F1F07FA424912105001DEA9B /* captionBreak */ = {
			isa = PBXGroup;
			children = (
				F1F07FE0249185A3001DEA9B /* preview */,
				F1F07FD62491354E001DEA9B /* drafts */,
				F1F07FD524913546001DEA9B /* home */,
				F1F07FA524912105001DEA9B /* AppDelegate.swift */,
				F1F07FA724912105001DEA9B /* SceneDelegate.swift */,
				F1F07FAB24912105001DEA9B /* Main.storyboard */,
				F1F07FAE24912108001DEA9B /* Assets.xcassets */,
				F1F07FB024912108001DEA9B /* LaunchScreen.storyboard */,
				F1F07FB324912108001DEA9B /* Info.plist */,
				F1F07FDB24913A4F001DEA9B /* tabBarVC.swift */,
				F1F07FE5249196CC001DEA9B /* extensions.swift */,
			);
			path = captionBreak;
			sourceTree = "<group>";
		};
		F1F07FBB24912108001DEA9B /* captionBreakTests */ = {
			isa = PBXGroup;
			children = (
				F1F07FBC24912108001DEA9B /* captionBreakTests.swift */,
				F1F07FBE24912108001DEA9B /* Info.plist */,
			);
			path = captionBreakTests;
			sourceTree = "<group>";
		};
		F1F07FC624912108001DEA9B /* captionBreakUITests */ = {
			isa = PBXGroup;
			children = (
				F1F07FC724912108001DEA9B /* captionBreakUITests.swift */,
				F1F07FC924912108001DEA9B /* Info.plist */,
			);
			path = captionBreakUITests;
			sourceTree = "<group>";
		};
		F1F07FD524913546001DEA9B /* home */ = {
			isa = PBXGroup;
			children = (
				F1F07FD724913752001DEA9B /* homeVC.swift */,
				F1F07FD924913770001DEA9B /* homeView.swift */,
				F1F07FDE24913DA4001DEA9B /* textEditBar.swift */,
			);
			path = home;
			sourceTree = "<group>";
		};
		F1F07FD62491354E001DEA9B /* drafts */ = {
			isa = PBXGroup;
			children = (
			);
			path = drafts;
			sourceTree = "<group>";
		};
		F1F07FE0249185A3001DEA9B /* preview */ = {
			isa = PBXGroup;
			children = (
				F1F07FE124918604001DEA9B /* previewVC.swift */,
				F1F07FE32491861A001DEA9B /* previewView.swift */,
			);
			path = preview;
			sourceTree = "<group>";
		};
/* End PBXGroup section */

/* Begin PBXNativeTarget section */
		F1F07FA124912105001DEA9B /* captionBreak */ = {
			isa = PBXNativeTarget;
			buildConfigurationList = F1F07FCC24912108001DEA9B /* Build configuration list for PBXNativeTarget "captionBreak" */;
			buildPhases = (
				F1F07F9E24912105001DEA9B /* Sources */,
				F1F07F9F24912105001DEA9B /* Frameworks */,
				F1F07FA024912105001DEA9B /* Resources */,
			);
			buildRules = (
			);
			dependencies = (
			);
			name = captionBreak;
			productName = captionBreak;
			productReference = F1F07FA224912105001DEA9B /* captionBreak.app */;
			productType = "com.apple.product-type.application";
		};
		F1F07FB724912108001DEA9B /* captionBreakTests */ = {
			isa = PBXNativeTarget;
			buildConfigurationList = F1F07FCF24912108001DEA9B /* Build configuration list for PBXNativeTarget "captionBreakTests" */;
			buildPhases = (
				F1F07FB424912108001DEA9B /* Sources */,
				F1F07FB524912108001DEA9B /* Frameworks */,
				F1F07FB624912108001DEA9B /* Resources */,
			);
			buildRules = (
			);
			dependencies = (
				F1F07FBA24912108001DEA9B /* PBXTargetDependency */,
			);
			name = captionBreakTests;
			productName = captionBreakTests;
			productReference = F1F07FB824912108001DEA9B /* captionBreakTests.xctest */;
			productType = "com.apple.product-type.bundle.unit-test";
		};
		F1F07FC224912108001DEA9B /* captionBreakUITests */ = {
			isa = PBXNativeTarget;
			buildConfigurationList = F1F07FD224912108001DEA9B /* Build configuration list for PBXNativeTarget "captionBreakUITests" */;
			buildPhases = (
				F1F07FBF24912108001DEA9B /* Sources */,
				F1F07FC024912108001DEA9B /* Frameworks */,
				F1F07FC124912108001DEA9B /* Resources */,
			);
			buildRules = (
			);
			dependencies = (
				F1F07FC524912108001DEA9B /* PBXTargetDependency */,
			);
			name = captionBreakUITests;
			productName = captionBreakUITests;
			productReference = F1F07FC324912108001DEA9B /* captionBreakUITests.xctest */;
			productType = "com.apple.product-type.bundle.ui-testing";
		};
/* End PBXNativeTarget section */

/* Begin PBXProject section */
		F1F07F9A24912105001DEA9B /* Project object */ = {
			isa = PBXProject;
			attributes = {
				LastSwiftUpdateCheck = 1150;
				LastUpgradeCheck = 1150;
				ORGANIZATIONNAME = "Peter Virtue";
				TargetAttributes = {
					F1F07FA124912105001DEA9B = {
						CreatedOnToolsVersion = 11.5;
					};
					F1F07FB724912108001DEA9B = {
						CreatedOnToolsVersion = 11.5;
						TestTargetID = F1F07FA124912105001DEA9B;
					};
					F1F07FC224912108001DEA9B = {
						CreatedOnToolsVersion = 11.5;
						TestTargetID = F1F07FA124912105001DEA9B;
					};
				};
			};
			buildConfigurationList = F1F07F9D24912105001DEA9B /* Build configuration list for PBXProject "captionBreak" */;
			compatibilityVersion = "Xcode 9.3";
			developmentRegion = en;
			hasScannedForEncodings = 0;
			knownRegions = (
				en,
				Base,
			);
			mainGroup = F1F07F9924912105001DEA9B;
			productRefGroup = F1F07FA324912105001DEA9B /* Products */;
			projectDirPath = "";
			projectRoot = "";
			targets = (
				F1F07FA124912105001DEA9B /* captionBreak */,
				F1F07FB724912108001DEA9B /* captionBreakTests */,
				F1F07FC224912108001DEA9B /* captionBreakUITests */,
			);
		};
/* End PBXProject section */

/* Begin PBXResourcesBuildPhase section */
		F1F07FA024912105001DEA9B /* Resources */ = {
			isa = PBXResourcesBuildPhase;
			buildActionMask = 2147483647;
			files = (
				F1F07FB224912108001DEA9B /* LaunchScreen.storyboard in Resources */,
				F1F07FAF24912108001DEA9B /* Assets.xcassets in Resources */,
				F1F07FAD24912105001DEA9B /* Main.storyboard in Resources */,
			);
			runOnlyForDeploymentPostprocessing = 0;
		};
		F1F07FB624912108001DEA9B /* Resources */ = {
			isa = PBXResourcesBuildPhase;
			buildActionMask = 2147483647;
			files = (
			);
			runOnlyForDeploymentPostprocessing = 0;
		};
		F1F07FC124912108001DEA9B /* Resources */ = {
			isa = PBXResourcesBuildPhase;
			buildActionMask = 2147483647;
			files = (
			);
			runOnlyForDeploymentPostprocessing = 0;
		};
/* End PBXResourcesBuildPhase section */

/* Begin PBXSourcesBuildPhase section */
		F1F07F9E24912105001DEA9B /* Sources */ = {
			isa = PBXSourcesBuildPhase;
			buildActionMask = 2147483647;
			files = (
				F1F07FE224918604001DEA9B /* previewVC.swift in Sources */,
				F1F07FE42491861A001DEA9B /* previewView.swift in Sources */,
				F1F07FDF24913DA4001DEA9B /* textEditBar.swift in Sources */,
				F1F07FD824913752001DEA9B /* homeVC.swift in Sources */,
				F1F07FA624912105001DEA9B /* AppDelegate.swift in Sources */,
				F1F07FE6249196CC001DEA9B /* extensions.swift in Sources */,
				F1F07FDC24913A4F001DEA9B /* tabBarVC.swift in Sources */,
				F1F07FDA24913770001DEA9B /* homeView.swift in Sources */,
				F1F07FA824912105001DEA9B /* SceneDelegate.swift in Sources */,
			);
			runOnlyForDeploymentPostprocessing = 0;
		};
		F1F07FB424912108001DEA9B /* Sources */ = {
			isa = PBXSourcesBuildPhase;
			buildActionMask = 2147483647;
			files = (
				F1F07FBD24912108001DEA9B /* captionBreakTests.swift in Sources */,
			);
			runOnlyForDeploymentPostprocessing = 0;
		};
		F1F07FBF24912108001DEA9B /* Sources */ = {
			isa = PBXSourcesBuildPhase;
			buildActionMask = 2147483647;
			files = (
				F1F07FC824912108001DEA9B /* captionBreakUITests.swift in Sources */,
			);
			runOnlyForDeploymentPostprocessing = 0;
		};
/* End PBXSourcesBuildPhase section */

/* Begin PBXTargetDependency section */
		F1F07FBA24912108001DEA9B /* PBXTargetDependency */ = {
			isa = PBXTargetDependency;
			target = F1F07FA124912105001DEA9B /* captionBreak */;
			targetProxy = F1F07FB924912108001DEA9B /* PBXContainerItemProxy */;
		};
		F1F07FC524912108001DEA9B /* PBXTargetDependency */ = {
			isa = PBXTargetDependency;
			target = F1F07FA124912105001DEA9B /* captionBreak */;
			targetProxy = F1F07FC424912108001DEA9B /* PBXContainerItemProxy */;
		};
/* End PBXTargetDependency section */

/* Begin PBXVariantGroup section */
		F1F07FAB24912105001DEA9B /* Main.storyboard */ = {
			isa = PBXVariantGroup;
			children = (
				F1F07FAC24912105001DEA9B /* Base */,
			);
			name = Main.storyboard;
			sourceTree = "<group>";
		};
		F1F07FB024912108001DEA9B /* LaunchScreen.storyboard */ = {
			isa = PBXVariantGroup;
			children = (
				F1F07FB124912108001DEA9B /* Base */,
			);
			name = LaunchScreen.storyboard;
			sourceTree = "<group>";
		};
/* End PBXVariantGroup section */

/* Begin XCBuildConfiguration section */
		F1F07FCA24912108001DEA9B /* Debug */ = {
			isa = XCBuildConfiguration;
			buildSettings = {
				ALWAYS_SEARCH_USER_PATHS = NO;
				CLANG_ANALYZER_NONNULL = YES;
				CLANG_ANALYZER_NUMBER_OBJECT_CONVERSION = YES_AGGRESSIVE;
				CLANG_CXX_LANGUAGE_STANDARD = "gnu++14";
				CLANG_CXX_LIBRARY = "libc++";
				CLANG_ENABLE_MODULES = YES;
				CLANG_ENABLE_OBJC_ARC = YES;
				CLANG_ENABLE_OBJC_WEAK = YES;
				CLANG_WARN_BLOCK_CAPTURE_AUTORELEASING = YES;
				CLANG_WARN_BOOL_CONVERSION = YES;
				CLANG_WARN_COMMA = YES;
				CLANG_WARN_CONSTANT_CONVERSION = YES;
				CLANG_WARN_DEPRECATED_OBJC_IMPLEMENTATIONS = YES;
				CLANG_WARN_DIRECT_OBJC_ISA_USAGE = YES_ERROR;
				CLANG_WARN_DOCUMENTATION_COMMENTS = YES;
				CLANG_WARN_EMPTY_BODY = YES;
				CLANG_WARN_ENUM_CONVERSION = YES;
				CLANG_WARN_INFINITE_RECURSION = YES;
				CLANG_WARN_INT_CONVERSION = YES;
				CLANG_WARN_NON_LITERAL_NULL_CONVERSION = YES;
				CLANG_WARN_OBJC_IMPLICIT_RETAIN_SELF = YES;
				CLANG_WARN_OBJC_LITERAL_CONVERSION = YES;
				CLANG_WARN_OBJC_ROOT_CLASS = YES_ERROR;
				CLANG_WARN_RANGE_LOOP_ANALYSIS = YES;
				CLANG_WARN_STRICT_PROTOTYPES = YES;
				CLANG_WARN_SUSPICIOUS_MOVE = YES;
				CLANG_WARN_UNGUARDED_AVAILABILITY = YES_AGGRESSIVE;
				CLANG_WARN_UNREACHABLE_CODE = YES;
				CLANG_WARN__DUPLICATE_METHOD_MATCH = YES;
				COPY_PHASE_STRIP = NO;
				DEBUG_INFORMATION_FORMAT = dwarf;
				ENABLE_STRICT_OBJC_MSGSEND = YES;
				ENABLE_TESTABILITY = YES;
				GCC_C_LANGUAGE_STANDARD = gnu11;
				GCC_DYNAMIC_NO_PIC = NO;
				GCC_NO_COMMON_BLOCKS = YES;
				GCC_OPTIMIZATION_LEVEL = 0;
				GCC_PREPROCESSOR_DEFINITIONS = (
					"DEBUG=1",
					"$(inherited)",
				);
				GCC_WARN_64_TO_32_BIT_CONVERSION = YES;
				GCC_WARN_ABOUT_RETURN_TYPE = YES_ERROR;
				GCC_WARN_UNDECLARED_SELECTOR = YES;
				GCC_WARN_UNINITIALIZED_AUTOS = YES_AGGRESSIVE;
				GCC_WARN_UNUSED_FUNCTION = YES;
				GCC_WARN_UNUSED_VARIABLE = YES;
				IPHONEOS_DEPLOYMENT_TARGET = 13.5;
				MTL_ENABLE_DEBUG_INFO = INCLUDE_SOURCE;
				MTL_FAST_MATH = YES;
				ONLY_ACTIVE_ARCH = YES;
				SDKROOT = iphoneos;
				SWIFT_ACTIVE_COMPILATION_CONDITIONS = DEBUG;
				SWIFT_OPTIMIZATION_LEVEL = "-Onone";
			};
			name = Debug;
		};
		F1F07FCB24912108001DEA9B /* Release */ = {
			isa = XCBuildConfiguration;
			buildSettings = {
				ALWAYS_SEARCH_USER_PATHS = NO;
				CLANG_ANALYZER_NONNULL = YES;
				CLANG_ANALYZER_NUMBER_OBJECT_CONVERSION = YES_AGGRESSIVE;
				CLANG_CXX_LANGUAGE_STANDARD = "gnu++14";
				CLANG_CXX_LIBRARY = "libc++";
				CLANG_ENABLE_MODULES = YES;
				CLANG_ENABLE_OBJC_ARC = YES;
				CLANG_ENABLE_OBJC_WEAK = YES;
				CLANG_WARN_BLOCK_CAPTURE_AUTORELEASING = YES;
				CLANG_WARN_BOOL_CONVERSION = YES;
				CLANG_WARN_COMMA = YES;
				CLANG_WARN_CONSTANT_CONVERSION = YES;
				CLANG_WARN_DEPRECATED_OBJC_IMPLEMENTATIONS = YES;
				CLANG_WARN_DIRECT_OBJC_ISA_USAGE = YES_ERROR;
				CLANG_WARN_DOCUMENTATION_COMMENTS = YES;
				CLANG_WARN_EMPTY_BODY = YES;
				CLANG_WARN_ENUM_CONVERSION = YES;
				CLANG_WARN_INFINITE_RECURSION = YES;
				CLANG_WARN_INT_CONVERSION = YES;
				CLANG_WARN_NON_LITERAL_NULL_CONVERSION = YES;
				CLANG_WARN_OBJC_IMPLICIT_RETAIN_SELF = YES;
				CLANG_WARN_OBJC_LITERAL_CONVERSION = YES;
				CLANG_WARN_OBJC_ROOT_CLASS = YES_ERROR;
				CLANG_WARN_RANGE_LOOP_ANALYSIS = YES;
				CLANG_WARN_STRICT_PROTOTYPES = YES;
				CLANG_WARN_SUSPICIOUS_MOVE = YES;
				CLANG_WARN_UNGUARDED_AVAILABILITY = YES_AGGRESSIVE;
				CLANG_WARN_UNREACHABLE_CODE = YES;
				CLANG_WARN__DUPLICATE_METHOD_MATCH = YES;
				COPY_PHASE_STRIP = NO;
				DEBUG_INFORMATION_FORMAT = "dwarf-with-dsym";
				ENABLE_NS_ASSERTIONS = NO;
				ENABLE_STRICT_OBJC_MSGSEND = YES;
				GCC_C_LANGUAGE_STANDARD = gnu11;
				GCC_NO_COMMON_BLOCKS = YES;
				GCC_WARN_64_TO_32_BIT_CONVERSION = YES;
				GCC_WARN_ABOUT_RETURN_TYPE = YES_ERROR;
				GCC_WARN_UNDECLARED_SELECTOR = YES;
				GCC_WARN_UNINITIALIZED_AUTOS = YES_AGGRESSIVE;
				GCC_WARN_UNUSED_FUNCTION = YES;
				GCC_WARN_UNUSED_VARIABLE = YES;
				IPHONEOS_DEPLOYMENT_TARGET = 13.5;
				MTL_ENABLE_DEBUG_INFO = NO;
				MTL_FAST_MATH = YES;
				SDKROOT = iphoneos;
				SWIFT_COMPILATION_MODE = wholemodule;
				SWIFT_OPTIMIZATION_LEVEL = "-O";
				VALIDATE_PRODUCT = YES;
			};
			name = Release;
		};
		F1F07FCD24912108001DEA9B /* Debug */ = {
			isa = XCBuildConfiguration;
			buildSettings = {
				ASSETCATALOG_COMPILER_APPICON_NAME = AppIcon;
				CODE_SIGN_STYLE = Automatic;
				DEVELOPMENT_TEAM = YVS4RVRH78;
				INFOPLIST_FILE = captionBreak/Info.plist;
				IPHONEOS_DEPLOYMENT_TARGET = 13.0;
				LD_RUNPATH_SEARCH_PATHS = (
					"$(inherited)",
					"@executable_path/Frameworks",
				);
				PRODUCT_BUNDLE_IDENTIFIER = com.petervirtue.captionBreak;
				PRODUCT_NAME = "$(TARGET_NAME)";
				SWIFT_VERSION = 5.0;
				TARGETED_DEVICE_FAMILY = 1;
			};
			name = Debug;
		};
		F1F07FCE24912108001DEA9B /* Release */ = {
			isa = XCBuildConfiguration;
			buildSettings = {
				ASSETCATALOG_COMPILER_APPICON_NAME = AppIcon;
				CODE_SIGN_STYLE = Automatic;
				DEVELOPMENT_TEAM = YVS4RVRH78;
				INFOPLIST_FILE = captionBreak/Info.plist;
				IPHONEOS_DEPLOYMENT_TARGET = 13.0;
				LD_RUNPATH_SEARCH_PATHS = (
					"$(inherited)",
					"@executable_path/Frameworks",
				);
				PRODUCT_BUNDLE_IDENTIFIER = com.petervirtue.captionBreak;
				PRODUCT_NAME = "$(TARGET_NAME)";
				SWIFT_VERSION = 5.0;
				TARGETED_DEVICE_FAMILY = 1;
			};
			name = Release;
		};
		F1F07FD024912108001DEA9B /* Debug */ = {
			isa = XCBuildConfiguration;
			buildSettings = {
				ALWAYS_EMBED_SWIFT_STANDARD_LIBRARIES = YES;
				BUNDLE_LOADER = "$(TEST_HOST)";
				CODE_SIGN_STYLE = Automatic;
				DEVELOPMENT_TEAM = YVS4RVRH78;
				INFOPLIST_FILE = captionBreakTests/Info.plist;
				IPHONEOS_DEPLOYMENT_TARGET = 13.5;
				LD_RUNPATH_SEARCH_PATHS = (
					"$(inherited)",
					"@executable_path/Frameworks",
					"@loader_path/Frameworks",
				);
				PRODUCT_BUNDLE_IDENTIFIER = com.petervirtue.captionBreak.captionBreakTests;
				PRODUCT_NAME = "$(TARGET_NAME)";
				SWIFT_VERSION = 5.0;
				TARGETED_DEVICE_FAMILY = "1,2";
				TEST_HOST = "$(BUILT_PRODUCTS_DIR)/captionBreak.app/captionBreak";
			};
			name = Debug;
		};
		F1F07FD124912108001DEA9B /* Release */ = {
			isa = XCBuildConfiguration;
			buildSettings = {
				ALWAYS_EMBED_SWIFT_STANDARD_LIBRARIES = YES;
				BUNDLE_LOADER = "$(TEST_HOST)";
				CODE_SIGN_STYLE = Automatic;
				DEVELOPMENT_TEAM = YVS4RVRH78;
				INFOPLIST_FILE = captionBreakTests/Info.plist;
				IPHONEOS_DEPLOYMENT_TARGET = 13.5;
				LD_RUNPATH_SEARCH_PATHS = (
					"$(inherited)",
					"@executable_path/Frameworks",
					"@loader_path/Frameworks",
				);
				PRODUCT_BUNDLE_IDENTIFIER = com.petervirtue.captionBreak.captionBreakTests;
				PRODUCT_NAME = "$(TARGET_NAME)";
				SWIFT_VERSION = 5.0;
				TARGETED_DEVICE_FAMILY = "1,2";
				TEST_HOST = "$(BUILT_PRODUCTS_DIR)/captionBreak.app/captionBreak";
			};
			name = Release;
		};
		F1F07FD324912108001DEA9B /* Debug */ = {
			isa = XCBuildConfiguration;
			buildSettings = {
				ALWAYS_EMBED_SWIFT_STANDARD_LIBRARIES = YES;
				CODE_SIGN_STYLE = Automatic;
				DEVELOPMENT_TEAM = YVS4RVRH78;
				INFOPLIST_FILE = captionBreakUITests/Info.plist;
				LD_RUNPATH_SEARCH_PATHS = (
					"$(inherited)",
					"@executable_path/Frameworks",
					"@loader_path/Frameworks",
				);
				PRODUCT_BUNDLE_IDENTIFIER = com.petervirtue.captionBreak.captionBreakUITests;
				PRODUCT_NAME = "$(TARGET_NAME)";
				SWIFT_VERSION = 5.0;
				TARGETED_DEVICE_FAMILY = "1,2";
				TEST_TARGET_NAME = captionBreak;
			};
			name = Debug;
		};
		F1F07FD424912108001DEA9B /* Release */ = {
			isa = XCBuildConfiguration;
			buildSettings = {
				ALWAYS_EMBED_SWIFT_STANDARD_LIBRARIES = YES;
				CODE_SIGN_STYLE = Automatic;
				DEVELOPMENT_TEAM = YVS4RVRH78;
				INFOPLIST_FILE = captionBreakUITests/Info.plist;
				LD_RUNPATH_SEARCH_PATHS = (
					"$(inherited)",
					"@executable_path/Frameworks",
					"@loader_path/Frameworks",
				);
				PRODUCT_BUNDLE_IDENTIFIER = com.petervirtue.captionBreak.captionBreakUITests;
				PRODUCT_NAME = "$(TARGET_NAME)";
				SWIFT_VERSION = 5.0;
				TARGETED_DEVICE_FAMILY = "1,2";
				TEST_TARGET_NAME = captionBreak;
			};
			name = Release;
		};
/* End XCBuildConfiguration section */

/* Begin XCConfigurationList section */
		F1F07F9D24912105001DEA9B /* Build configuration list for PBXProject "captionBreak" */ = {
			isa = XCConfigurationList;
			buildConfigurations = (
				F1F07FCA24912108001DEA9B /* Debug */,
				F1F07FCB24912108001DEA9B /* Release */,
			);
			defaultConfigurationIsVisible = 0;
			defaultConfigurationName = Release;
		};
		F1F07FCC24912108001DEA9B /* Build configuration list for PBXNativeTarget "captionBreak" */ = {
			isa = XCConfigurationList;
			buildConfigurations = (
				F1F07FCD24912108001DEA9B /* Debug */,
				F1F07FCE24912108001DEA9B /* Release */,
			);
			defaultConfigurationIsVisible = 0;
			defaultConfigurationName = Release;
		};
		F1F07FCF24912108001DEA9B /* Build configuration list for PBXNativeTarget "captionBreakTests" */ = {
			isa = XCConfigurationList;
			buildConfigurations = (
				F1F07FD024912108001DEA9B /* Debug */,
				F1F07FD124912108001DEA9B /* Release */,
			);
			defaultConfigurationIsVisible = 0;
			defaultConfigurationName = Release;
		};
		F1F07FD224912108001DEA9B /* Build configuration list for PBXNativeTarget "captionBreakUITests" */ = {
			isa = XCConfigurationList;
			buildConfigurations = (
				F1F07FD324912108001DEA9B /* Debug */,
				F1F07FD424912108001DEA9B /* Release */,
			);
			defaultConfigurationIsVisible = 0;
			defaultConfigurationName = Release;
		};
/* End XCConfigurationList section */
	};
	rootObject = F1F07F9A24912105001DEA9B /* Project object */;
}
