// !$*UTF8*$!
{
	archiveVersion = 1;
	classes = {
	};
	objectVersion = 50;
	objects = {

/* Begin PBXBuildFile section */
		F110DF2F249AFA71008C13F0 /* NewHashtagsController.swift in Sources */ = {isa = PBXBuildFile; fileRef = F110DF2E249AFA71008C13F0 /* NewHashtagsController.swift */; };
		F129E17A24A2A5AA005B5986 /* ShadowView.swift in Sources */ = {isa = PBXBuildFile; fileRef = F129E17924A2A5AA005B5986 /* ShadowView.swift */; };
		F139FBFE249978D2005C12D0 /* NewHashtagTableCell.swift in Sources */ = {isa = PBXBuildFile; fileRef = F139FBFD249978D2005C12D0 /* NewHashtagTableCell.swift */; };
		F139FC00249A8449005C12D0 /* HahtagTextField.swift in Sources */ = {isa = PBXBuildFile; fileRef = F139FBFF249A8449005C12D0 /* HahtagTextField.swift */; };
		F196271926E0020900C4C88C /* Montserrat-Regular.ttf in Resources */ = {isa = PBXBuildFile; fileRef = F196271826E0020900C4C88C /* Montserrat-Regular.ttf */; };
		F196271B26E0021600C4C88C /* Montserrat-Bold.ttf in Resources */ = {isa = PBXBuildFile; fileRef = F196271A26E0021600C4C88C /* Montserrat-Bold.ttf */; };
		F1AC9FD92493E1810068EEA1 /* Captions.xcdatamodeld in Sources */ = {isa = PBXBuildFile; fileRef = F1AC9FD72493E1810068EEA1 /* Captions.xcdatamodeld */; };
		F1AC9FDB249424800068EEA1 /* DraftTableCell.swift in Sources */ = {isa = PBXBuildFile; fileRef = F1AC9FDA249424800068EEA1 /* DraftTableCell.swift */; };
		F1AC9FDD2497F1B30068EEA1 /* HashtagTableCell.swift in Sources */ = {isa = PBXBuildFile; fileRef = F1AC9FDC2497F1B30068EEA1 /* HashtagTableCell.swift */; };
		F1AC9FDF2497F1F10068EEA1 /* HashtagEditorController.swift in Sources */ = {isa = PBXBuildFile; fileRef = F1AC9FDE2497F1F10068EEA1 /* HashtagEditorController.swift */; };
		F1AC9FE1249808D10068EEA1 /* HashtagItem.swift in Sources */ = {isa = PBXBuildFile; fileRef = F1AC9FE0249808D10068EEA1 /* HashtagItem.swift */; };
		F1F07FA624912105001DEA9B /* AppDelegate.swift in Sources */ = {isa = PBXBuildFile; fileRef = F1F07FA524912105001DEA9B /* AppDelegate.swift */; };
		F1F07FA824912105001DEA9B /* SceneDelegate.swift in Sources */ = {isa = PBXBuildFile; fileRef = F1F07FA724912105001DEA9B /* SceneDelegate.swift */; };
		F1F07FAD24912105001DEA9B /* Main.storyboard in Resources */ = {isa = PBXBuildFile; fileRef = F1F07FAB24912105001DEA9B /* Main.storyboard */; };
		F1F07FAF24912108001DEA9B /* Assets.xcassets in Resources */ = {isa = PBXBuildFile; fileRef = F1F07FAE24912108001DEA9B /* Assets.xcassets */; };
		F1F07FB224912108001DEA9B /* LaunchScreen.storyboard in Resources */ = {isa = PBXBuildFile; fileRef = F1F07FB024912108001DEA9B /* LaunchScreen.storyboard */; };
		F1F07FD824913752001DEA9B /* HomeController.swift in Sources */ = {isa = PBXBuildFile; fileRef = F1F07FD724913752001DEA9B /* HomeController.swift */; };
		F1F07FDC24913A4F001DEA9B /* TabBarController.swift in Sources */ = {isa = PBXBuildFile; fileRef = F1F07FDB24913A4F001DEA9B /* TabBarController.swift */; };
		F1F07FDF24913DA4001DEA9B /* FormatTextBar.swift in Sources */ = {isa = PBXBuildFile; fileRef = F1F07FDE24913DA4001DEA9B /* FormatTextBar.swift */; };
		F1F07FE224918604001DEA9B /* PreviewController.swift in Sources */ = {isa = PBXBuildFile; fileRef = F1F07FE124918604001DEA9B /* PreviewController.swift */; };
		F1F07FE42491861A001DEA9B /* PreviewView.swift in Sources */ = {isa = PBXBuildFile; fileRef = F1F07FE32491861A001DEA9B /* PreviewView.swift */; };
		F1F07FE6249196CC001DEA9B /* Extensions.swift in Sources */ = {isa = PBXBuildFile; fileRef = F1F07FE5249196CC001DEA9B /* Extensions.swift */; };
		F1F51263249D1764007BDEC1 /* SettingsController.swift in Sources */ = {isa = PBXBuildFile; fileRef = F1F51262249D1764007BDEC1 /* SettingsController.swift */; };
		F1F92F4B272F3E5F00DE6234 /* UserController.swift in Sources */ = {isa = PBXBuildFile; fileRef = F1F92F4A272F3E5F00DE6234 /* UserController.swift */; };
		F1FA337C2492E33E000466B9 /* NavController.swift in Sources */ = {isa = PBXBuildFile; fileRef = F1FA337B2492E33E000466B9 /* NavController.swift */; };
		F1FA337E2492E6C0000466B9 /* DraftsController.swift in Sources */ = {isa = PBXBuildFile; fileRef = F1FA337D2492E6C0000466B9 /* DraftsController.swift */; };
		F1FA33812492E6DD000466B9 /* HashtagsController.swift in Sources */ = {isa = PBXBuildFile; fileRef = F1FA33802492E6DD000466B9 /* HashtagsController.swift */; };
/* End PBXBuildFile section */

/* Begin PBXContainerItemProxy section */
		F1F07FB924912108001DEA9B /* PBXContainerItemProxy */ = {
			isa = PBXContainerItemProxy;
			containerPortal = F1F07F9A24912105001DEA9B /* Project object */;
			proxyType = 1;
			remoteGlobalIDString = F1F07FA124912105001DEA9B;
			remoteInfo = captionBreak;
		};
		F1F07FC424912108001DEA9B /* PBXContainerItemProxy */ = {
			isa = PBXContainerItemProxy;
			containerPortal = F1F07F9A24912105001DEA9B /* Project object */;
			proxyType = 1;
			remoteGlobalIDString = F1F07FA124912105001DEA9B;
			remoteInfo = captionBreak;
		};
/* End PBXContainerItemProxy section */

/* Begin PBXFileReference section */
		F110DF2E249AFA71008C13F0 /* NewHashtagsController.swift */ = {isa = PBXFileReference; lastKnownFileType = sourcecode.swift; path = NewHashtagsController.swift; sourceTree = "<group>"; };
		F129E17924A2A5AA005B5986 /* ShadowView.swift */ = {isa = PBXFileReference; lastKnownFileType = sourcecode.swift; path = ShadowView.swift; sourceTree = "<group>"; };
		F139FBFD249978D2005C12D0 /* NewHashtagTableCell.swift */ = {isa = PBXFileReference; lastKnownFileType = sourcecode.swift; path = NewHashtagTableCell.swift; sourceTree = "<group>"; };
		F139FBFF249A8449005C12D0 /* HahtagTextField.swift */ = {isa = PBXFileReference; lastKnownFileType = sourcecode.swift; path = HahtagTextField.swift; sourceTree = "<group>"; };
		F196271826E0020900C4C88C /* Montserrat-Regular.ttf */ = {isa = PBXFileReference; lastKnownFileType = file; path = "Montserrat-Regular.ttf"; sourceTree = "<group>"; };
		F196271A26E0021600C4C88C /* Montserrat-Bold.ttf */ = {isa = PBXFileReference; lastKnownFileType = file; path = "Montserrat-Bold.ttf"; sourceTree = "<group>"; };
		F1AC9FD82493E1810068EEA1 /* Captions.xcdatamodel */ = {isa = PBXFileReference; lastKnownFileType = wrapper.xcdatamodel; path = Captions.xcdatamodel; sourceTree = "<group>"; };
		F1AC9FDA249424800068EEA1 /* DraftTableCell.swift */ = {isa = PBXFileReference; lastKnownFileType = sourcecode.swift; path = DraftTableCell.swift; sourceTree = "<group>"; };
		F1AC9FDC2497F1B30068EEA1 /* HashtagTableCell.swift */ = {isa = PBXFileReference; lastKnownFileType = sourcecode.swift; path = HashtagTableCell.swift; sourceTree = "<group>"; };
		F1AC9FDE2497F1F10068EEA1 /* HashtagEditorController.swift */ = {isa = PBXFileReference; lastKnownFileType = sourcecode.swift; path = HashtagEditorController.swift; sourceTree = "<group>"; };
		F1AC9FE0249808D10068EEA1 /* HashtagItem.swift */ = {isa = PBXFileReference; lastKnownFileType = sourcecode.swift; path = HashtagItem.swift; sourceTree = "<group>"; };
		F1F07FA224912105001DEA9B /* Caption Tools.app */ = {isa = PBXFileReference; explicitFileType = wrapper.application; includeInIndex = 0; path = "Caption Tools.app"; sourceTree = BUILT_PRODUCTS_DIR; };
		F1F07FA524912105001DEA9B /* AppDelegate.swift */ = {isa = PBXFileReference; lastKnownFileType = sourcecode.swift; path = AppDelegate.swift; sourceTree = "<group>"; };
		F1F07FA724912105001DEA9B /* SceneDelegate.swift */ = {isa = PBXFileReference; lastKnownFileType = sourcecode.swift; path = SceneDelegate.swift; sourceTree = "<group>"; };
		F1F07FAC24912105001DEA9B /* Base */ = {isa = PBXFileReference; lastKnownFileType = file.storyboard; name = Base; path = Base.lproj/Main.storyboard; sourceTree = "<group>"; };
		F1F07FAE24912108001DEA9B /* Assets.xcassets */ = {isa = PBXFileReference; lastKnownFileType = folder.assetcatalog; path = Assets.xcassets; sourceTree = "<group>"; };
		F1F07FB124912108001DEA9B /* Base */ = {isa = PBXFileReference; lastKnownFileType = file.storyboard; name = Base; path = Base.lproj/LaunchScreen.storyboard; sourceTree = "<group>"; };
		F1F07FB324912108001DEA9B /* Info.plist */ = {isa = PBXFileReference; lastKnownFileType = text.plist.xml; path = Info.plist; sourceTree = "<group>"; };
		F1F07FB824912108001DEA9B /* captionBreakTests.xctest */ = {isa = PBXFileReference; explicitFileType = wrapper.cfbundle; includeInIndex = 0; path = captionBreakTests.xctest; sourceTree = BUILT_PRODUCTS_DIR; };
		F1F07FC324912108001DEA9B /* captionBreakUITests.xctest */ = {isa = PBXFileReference; explicitFileType = wrapper.cfbundle; includeInIndex = 0; path = captionBreakUITests.xctest; sourceTree = BUILT_PRODUCTS_DIR; };
		F1F07FD724913752001DEA9B /* HomeController.swift */ = {isa = PBXFileReference; lastKnownFileType = sourcecode.swift; path = HomeController.swift; sourceTree = "<group>"; };
		F1F07FDB24913A4F001DEA9B /* TabBarController.swift */ = {isa = PBXFileReference; lastKnownFileType = sourcecode.swift; path = TabBarController.swift; sourceTree = "<group>"; };
		F1F07FDE24913DA4001DEA9B /* FormatTextBar.swift */ = {isa = PBXFileReference; lastKnownFileType = sourcecode.swift; path = FormatTextBar.swift; sourceTree = "<group>"; };
		F1F07FE124918604001DEA9B /* PreviewController.swift */ = {isa = PBXFileReference; lastKnownFileType = sourcecode.swift; path = PreviewController.swift; sourceTree = "<group>"; };
		F1F07FE32491861A001DEA9B /* PreviewView.swift */ = {isa = PBXFileReference; lastKnownFileType = sourcecode.swift; path = PreviewView.swift; sourceTree = "<group>"; };
		F1F07FE5249196CC001DEA9B /* Extensions.swift */ = {isa = PBXFileReference; lastKnownFileType = sourcecode.swift; path = Extensions.swift; sourceTree = "<group>"; };
		F1F51262249D1764007BDEC1 /* SettingsController.swift */ = {isa = PBXFileReference; lastKnownFileType = sourcecode.swift; path = SettingsController.swift; sourceTree = "<group>"; };
		F1F92F4A272F3E5F00DE6234 /* UserController.swift */ = {isa = PBXFileReference; lastKnownFileType = sourcecode.swift; path = UserController.swift; sourceTree = "<group>"; };
		F1FA337B2492E33E000466B9 /* NavController.swift */ = {isa = PBXFileReference; lastKnownFileType = sourcecode.swift; path = NavController.swift; sourceTree = "<group>"; };
		F1FA337D2492E6C0000466B9 /* DraftsController.swift */ = {isa = PBXFileReference; lastKnownFileType = sourcecode.swift; path = DraftsController.swift; sourceTree = "<group>"; };
		F1FA33802492E6DD000466B9 /* HashtagsController.swift */ = {isa = PBXFileReference; lastKnownFileType = sourcecode.swift; path = HashtagsController.swift; sourceTree = "<group>"; };
/* End PBXFileReference section */

/* Begin PBXFrameworksBuildPhase section */
		F1F07F9F24912105001DEA9B /* Frameworks */ = {
			isa = PBXFrameworksBuildPhase;
			buildActionMask = 2147483647;
			files = (
			);
			runOnlyForDeploymentPostprocessing = 0;
		};
		F1F07FB524912108001DEA9B /* Frameworks */ = {
			isa = PBXFrameworksBuildPhase;
			buildActionMask = 2147483647;
			files = (
			);
			runOnlyForDeploymentPostprocessing = 0;
		};
		F1F07FC024912108001DEA9B /* Frameworks */ = {
			isa = PBXFrameworksBuildPhase;
			buildActionMask = 2147483647;
			files = (
			);
			runOnlyForDeploymentPostprocessing = 0;
		};
/* End PBXFrameworksBuildPhase section */

/* Begin PBXGroup section */
		F1856C33251BABA90084AEAE /* Fonts */ = {
			isa = PBXGroup;
			children = (
				F196271A26E0021600C4C88C /* Montserrat-Bold.ttf */,
				F196271826E0020900C4C88C /* Montserrat-Regular.ttf */,
			);
			path = Fonts;
			sourceTree = "<group>";
		};
		F196271C26E00F2F00C4C88C /* Hashtags */ = {
			isa = PBXGroup;
			children = (
				F139FBFD249978D2005C12D0 /* NewHashtagTableCell.swift */,
				F139FBFF249A8449005C12D0 /* HahtagTextField.swift */,
				F1AC9FDC2497F1B30068EEA1 /* HashtagTableCell.swift */,
				F1F07FDE24913DA4001DEA9B /* FormatTextBar.swift */,
			);
			path = Hashtags;
			sourceTree = "<group>";
		};
		F196271D26E00F9700C4C88C /* Preview */ = {
			isa = PBXGroup;
			children = (
				F1F07FE32491861A001DEA9B /* PreviewView.swift */,
			);
			path = Preview;
			sourceTree = "<group>";
		};
		F196271E26E00FB500C4C88C /* Drafts */ = {
			isa = PBXGroup;
			children = (
				F1AC9FDA249424800068EEA1 /* DraftTableCell.swift */,
			);
			path = Drafts;
			sourceTree = "<group>";
		};
		F1A7F90D26DDC21000E5151F /* Utilities */ = {
			isa = PBXGroup;
			children = (
				F1F07FE5249196CC001DEA9B /* Extensions.swift */,
			);
			path = Utilities;
			sourceTree = "<group>";
		};
		F1A7F90E26DDC22200E5151F /* Objects */ = {
			isa = PBXGroup;
			children = (
				F1AC9FE0249808D10068EEA1 /* HashtagItem.swift */,
			);
			path = Objects;
			sourceTree = "<group>";
		};
		F1A7F90F26DDC23100E5151F /* Controllers */ = {
			isa = PBXGroup;
			children = (
				F1F92F49272F3E3A00DE6234 /* User */,
				F1A7F91A26DDC7E000E5151F /* Preview */,
				F1A7F91926DDC4FE00E5151F /* Hashtags */,
				F1A7F91626DDC31800E5151F /* Settings */,
				F1A7F91426DDC2EF00E5151F /* Drafts */,
				F1A7F91326DDC2D100E5151F /* Home */,
			);
			path = Controllers;
			sourceTree = "<group>";
		};
		F1A7F91226DDC2BC00E5151F /* Navigation */ = {
			isa = PBXGroup;
			children = (
				F1FA337B2492E33E000466B9 /* NavController.swift */,
				F1F07FDB24913A4F001DEA9B /* TabBarController.swift */,
			);
			path = Navigation;
			sourceTree = "<group>";
		};
		F1A7F91326DDC2D100E5151F /* Home */ = {
			isa = PBXGroup;
			children = (
				F1F07FD724913752001DEA9B /* HomeController.swift */,
			);
			path = Home;
			sourceTree = "<group>";
		};
		F1A7F91426DDC2EF00E5151F /* Drafts */ = {
			isa = PBXGroup;
			children = (
				F1FA337D2492E6C0000466B9 /* DraftsController.swift */,
			);
			path = Drafts;
			sourceTree = "<group>";
		};
		F1A7F91626DDC31800E5151F /* Settings */ = {
			isa = PBXGroup;
			children = (
				F1F51262249D1764007BDEC1 /* SettingsController.swift */,
			);
			path = Settings;
			sourceTree = "<group>";
		};
		F1A7F91926DDC4FE00E5151F /* Hashtags */ = {
			isa = PBXGroup;
			children = (
				F110DF2E249AFA71008C13F0 /* NewHashtagsController.swift */,
				F1AC9FDE2497F1F10068EEA1 /* HashtagEditorController.swift */,
				F1FA33802492E6DD000466B9 /* HashtagsController.swift */,
			);
			path = Hashtags;
			sourceTree = "<group>";
		};
		F1A7F91A26DDC7E000E5151F /* Preview */ = {
			isa = PBXGroup;
			children = (
				F1F07FE124918604001DEA9B /* PreviewController.swift */,
			);
			path = Preview;
			sourceTree = "<group>";
		};
		F1A7F91E26DDC91C00E5151F /* Views */ = {
			isa = PBXGroup;
			children = (
				F196271E26E00FB500C4C88C /* Drafts */,
				F196271D26E00F9700C4C88C /* Preview */,
				F196271C26E00F2F00C4C88C /* Hashtags */,
				F129E17924A2A5AA005B5986 /* ShadowView.swift */,
			);
			path = Views;
			sourceTree = "<group>";
		};
		F1F07F9924912105001DEA9B = {
			isa = PBXGroup;
			children = (
				F1F07FA424912105001DEA9B /* CaptionTools */,
				F1F07FA324912105001DEA9B /* Products */,
			);
			sourceTree = "<group>";
		};
		F1F07FA324912105001DEA9B /* Products */ = {
			isa = PBXGroup;
			children = (
				F1F07FA224912105001DEA9B /* Caption Tools.app */,
				F1F07FB824912108001DEA9B /* captionBreakTests.xctest */,
				F1F07FC324912108001DEA9B /* captionBreakUITests.xctest */,
			);
			name = Products;
			sourceTree = "<group>";
		};
		F1F07FA424912105001DEA9B /* CaptionTools */ = {
			isa = PBXGroup;
			children = (
				F1A7F90F26DDC23100E5151F /* Controllers */,
				F1A7F91226DDC2BC00E5151F /* Navigation */,
				F1A7F90E26DDC22200E5151F /* Objects */,
				F1A7F90D26DDC21000E5151F /* Utilities */,
				F1A7F91E26DDC91C00E5151F /* Views */,
				F1F07FA524912105001DEA9B /* AppDelegate.swift */,
				F1F07FA724912105001DEA9B /* SceneDelegate.swift */,
				F1F07FAB24912105001DEA9B /* Main.storyboard */,
				F1F07FB024912108001DEA9B /* LaunchScreen.storyboard */,
				F1F07FB324912108001DEA9B /* Info.plist */,
				F1F07FAE24912108001DEA9B /* Assets.xcassets */,
				F1AC9FD72493E1810068EEA1 /* Captions.xcdatamodeld */,
				F1856C33251BABA90084AEAE /* Fonts */,
			);
			path = CaptionTools;
			sourceTree = "<group>";
		};
		F1F92F49272F3E3A00DE6234 /* User */ = {
			isa = PBXGroup;
			children = (
				F1F92F4A272F3E5F00DE6234 /* UserController.swift */,
			);
			path = User;
			sourceTree = "<group>";
		};
/* End PBXGroup section */

/* Begin PBXNativeTarget section */
		F1F07FA124912105001DEA9B /* captionBreak */ = {
			isa = PBXNativeTarget;
			buildConfigurationList = F1F07FCC24912108001DEA9B /* Build configuration list for PBXNativeTarget "captionBreak" */;
			buildPhases = (
				F1F07F9E24912105001DEA9B /* Sources */,
				F1F07F9F24912105001DEA9B /* Frameworks */,
				F1F07FA024912105001DEA9B /* Resources */,
			);
			buildRules = (
			);
			dependencies = (
			);
			name = captionBreak;
			productName = captionBreak;
			productReference = F1F07FA224912105001DEA9B /* Caption Tools.app */;
			productType = "com.apple.product-type.application";
		};
		F1F07FB724912108001DEA9B /* captionBreakTests */ = {
			isa = PBXNativeTarget;
			buildConfigurationList = F1F07FCF24912108001DEA9B /* Build configuration list for PBXNativeTarget "captionBreakTests" */;
			buildPhases = (
				F1F07FB424912108001DEA9B /* Sources */,
				F1F07FB524912108001DEA9B /* Frameworks */,
				F1F07FB624912108001DEA9B /* Resources */,
			);
			buildRules = (
			);
			dependencies = (
				F1F07FBA24912108001DEA9B /* PBXTargetDependency */,
			);
			name = captionBreakTests;
			productName = captionBreakTests;
			productReference = F1F07FB824912108001DEA9B /* captionBreakTests.xctest */;
			productType = "com.apple.product-type.bundle.unit-test";
		};
		F1F07FC224912108001DEA9B /* captionBreakUITests */ = {
			isa = PBXNativeTarget;
			buildConfigurationList = F1F07FD224912108001DEA9B /* Build configuration list for PBXNativeTarget "captionBreakUITests" */;
			buildPhases = (
				F1F07FBF24912108001DEA9B /* Sources */,
				F1F07FC024912108001DEA9B /* Frameworks */,
				F1F07FC124912108001DEA9B /* Resources */,
			);
			buildRules = (
			);
			dependencies = (
				F1F07FC524912108001DEA9B /* PBXTargetDependency */,
			);
			name = captionBreakUITests;
			productName = captionBreakUITests;
			productReference = F1F07FC324912108001DEA9B /* captionBreakUITests.xctest */;
			productType = "com.apple.product-type.bundle.ui-testing";
		};
/* End PBXNativeTarget section */

/* Begin PBXProject section */
		F1F07F9A24912105001DEA9B /* Project object */ = {
			isa = PBXProject;
			attributes = {
				LastSwiftUpdateCheck = 1150;
				LastUpgradeCheck = 1200;
				ORGANIZATIONNAME = "Peter Virtue";
				TargetAttributes = {
					F1F07FA124912105001DEA9B = {
						CreatedOnToolsVersion = 11.5;
					};
					F1F07FB724912108001DEA9B = {
						CreatedOnToolsVersion = 11.5;
						TestTargetID = F1F07FA124912105001DEA9B;
					};
					F1F07FC224912108001DEA9B = {
						CreatedOnToolsVersion = 11.5;
						TestTargetID = F1F07FA124912105001DEA9B;
					};
				};
			};
			buildConfigurationList = F1F07F9D24912105001DEA9B /* Build configuration list for PBXProject "captionBreak" */;
			compatibilityVersion = "Xcode 9.3";
			developmentRegion = en;
			hasScannedForEncodings = 0;
			knownRegions = (
				en,
				Base,
			);
			mainGroup = F1F07F9924912105001DEA9B;
			productRefGroup = F1F07FA324912105001DEA9B /* Products */;
			projectDirPath = "";
			projectRoot = "";
			targets = (
				F1F07FA124912105001DEA9B /* captionBreak */,
				F1F07FB724912108001DEA9B /* captionBreakTests */,
				F1F07FC224912108001DEA9B /* captionBreakUITests */,
			);
		};
/* End PBXProject section */

/* Begin PBXResourcesBuildPhase section */
		F1F07FA024912105001DEA9B /* Resources */ = {
			isa = PBXResourcesBuildPhase;
			buildActionMask = 2147483647;
			files = (
				F196271B26E0021600C4C88C /* Montserrat-Bold.ttf in Resources */,
				F196271926E0020900C4C88C /* Montserrat-Regular.ttf in Resources */,
				F1F07FB224912108001DEA9B /* LaunchScreen.storyboard in Resources */,
				F1F07FAF24912108001DEA9B /* Assets.xcassets in Resources */,
				F1F07FAD24912105001DEA9B /* Main.storyboard in Resources */,
			);
			runOnlyForDeploymentPostprocessing = 0;
		};
		F1F07FB624912108001DEA9B /* Resources */ = {
			isa = PBXResourcesBuildPhase;
			buildActionMask = 2147483647;
			files = (
			);
			runOnlyForDeploymentPostprocessing = 0;
		};
		F1F07FC124912108001DEA9B /* Resources */ = {
			isa = PBXResourcesBuildPhase;
			buildActionMask = 2147483647;
			files = (
			);
			runOnlyForDeploymentPostprocessing = 0;
		};
/* End PBXResourcesBuildPhase section */

/* Begin PBXSourcesBuildPhase section */
		F1F07F9E24912105001DEA9B /* Sources */ = {
			isa = PBXSourcesBuildPhase;
			buildActionMask = 2147483647;
			files = (
				F1F07FE224918604001DEA9B /* PreviewController.swift in Sources */,
				F1AC9FE1249808D10068EEA1 /* HashtagItem.swift in Sources */,
				F1FA337C2492E33E000466B9 /* NavController.swift in Sources */,
				F139FC00249A8449005C12D0 /* HahtagTextField.swift in Sources */,
				F1FA337E2492E6C0000466B9 /* DraftsController.swift in Sources */,
				F110DF2F249AFA71008C13F0 /* NewHashtagsController.swift in Sources */,
				F1AC9FDF2497F1F10068EEA1 /* HashtagEditorController.swift in Sources */,
				F1F07FE42491861A001DEA9B /* PreviewView.swift in Sources */,
				F1F07FDF24913DA4001DEA9B /* FormatTextBar.swift in Sources */,
				F139FBFE249978D2005C12D0 /* NewHashtagTableCell.swift in Sources */,
				F1F07FD824913752001DEA9B /* HomeController.swift in Sources */,
				F129E17A24A2A5AA005B5986 /* ShadowView.swift in Sources */,
				F1AC9FDD2497F1B30068EEA1 /* HashtagTableCell.swift in Sources */,
				F1FA33812492E6DD000466B9 /* HashtagsController.swift in Sources */,
				F1F92F4B272F3E5F00DE6234 /* UserController.swift in Sources */,
				F1F07FA624912105001DEA9B /* AppDelegate.swift in Sources */,
				F1F51263249D1764007BDEC1 /* SettingsController.swift in Sources */,
				F1AC9FDB249424800068EEA1 /* DraftTableCell.swift in Sources */,
				F1F07FE6249196CC001DEA9B /* Extensions.swift in Sources */,
				F1AC9FD92493E1810068EEA1 /* Captions.xcdatamodeld in Sources */,
				F1F07FDC24913A4F001DEA9B /* TabBarController.swift in Sources */,
				F1F07FA824912105001DEA9B /* SceneDelegate.swift in Sources */,
			);
			runOnlyForDeploymentPostprocessing = 0;
		};
		F1F07FB424912108001DEA9B /* Sources */ = {
			isa = PBXSourcesBuildPhase;
			buildActionMask = 2147483647;
			files = (
			);
			runOnlyForDeploymentPostprocessing = 0;
		};
		F1F07FBF24912108001DEA9B /* Sources */ = {
			isa = PBXSourcesBuildPhase;
			buildActionMask = 2147483647;
			files = (
			);
			runOnlyForDeploymentPostprocessing = 0;
		};
/* End PBXSourcesBuildPhase section */

/* Begin PBXTargetDependency section */
		F1F07FBA24912108001DEA9B /* PBXTargetDependency */ = {
			isa = PBXTargetDependency;
			target = F1F07FA124912105001DEA9B /* captionBreak */;
			targetProxy = F1F07FB924912108001DEA9B /* PBXContainerItemProxy */;
		};
		F1F07FC524912108001DEA9B /* PBXTargetDependency */ = {
			isa = PBXTargetDependency;
			target = F1F07FA124912105001DEA9B /* captionBreak */;
			targetProxy = F1F07FC424912108001DEA9B /* PBXContainerItemProxy */;
		};
/* End PBXTargetDependency section */

/* Begin PBXVariantGroup section */
		F1F07FAB24912105001DEA9B /* Main.storyboard */ = {
			isa = PBXVariantGroup;
			children = (
				F1F07FAC24912105001DEA9B /* Base */,
			);
			name = Main.storyboard;
			sourceTree = "<group>";
		};
		F1F07FB024912108001DEA9B /* LaunchScreen.storyboard */ = {
			isa = PBXVariantGroup;
			children = (
				F1F07FB124912108001DEA9B /* Base */,
			);
			name = LaunchScreen.storyboard;
			sourceTree = "<group>";
		};
/* End PBXVariantGroup section */

/* Begin XCBuildConfiguration section */
		F1F07FCA24912108001DEA9B /* Debug */ = {
			isa = XCBuildConfiguration;
			buildSettings = {
				ALWAYS_SEARCH_USER_PATHS = NO;
				CLANG_ANALYZER_NONNULL = YES;
				CLANG_ANALYZER_NUMBER_OBJECT_CONVERSION = YES_AGGRESSIVE;
				CLANG_CXX_LANGUAGE_STANDARD = "gnu++14";
				CLANG_CXX_LIBRARY = "libc++";
				CLANG_ENABLE_MODULES = YES;
				CLANG_ENABLE_OBJC_ARC = YES;
				CLANG_ENABLE_OBJC_WEAK = YES;
				CLANG_WARN_BLOCK_CAPTURE_AUTORELEASING = YES;
				CLANG_WARN_BOOL_CONVERSION = YES;
				CLANG_WARN_COMMA = YES;
				CLANG_WARN_CONSTANT_CONVERSION = YES;
				CLANG_WARN_DEPRECATED_OBJC_IMPLEMENTATIONS = YES;
				CLANG_WARN_DIRECT_OBJC_ISA_USAGE = YES_ERROR;
				CLANG_WARN_DOCUMENTATION_COMMENTS = YES;
				CLANG_WARN_EMPTY_BODY = YES;
				CLANG_WARN_ENUM_CONVERSION = YES;
				CLANG_WARN_INFINITE_RECURSION = YES;
				CLANG_WARN_INT_CONVERSION = YES;
				CLANG_WARN_NON_LITERAL_NULL_CONVERSION = YES;
				CLANG_WARN_OBJC_IMPLICIT_RETAIN_SELF = YES;
				CLANG_WARN_OBJC_LITERAL_CONVERSION = YES;
				CLANG_WARN_OBJC_ROOT_CLASS = YES_ERROR;
				CLANG_WARN_QUOTED_INCLUDE_IN_FRAMEWORK_HEADER = YES;
				CLANG_WARN_RANGE_LOOP_ANALYSIS = YES;
				CLANG_WARN_STRICT_PROTOTYPES = YES;
				CLANG_WARN_SUSPICIOUS_MOVE = YES;
				CLANG_WARN_UNGUARDED_AVAILABILITY = YES_AGGRESSIVE;
				CLANG_WARN_UNREACHABLE_CODE = YES;
				CLANG_WARN__DUPLICATE_METHOD_MATCH = YES;
				COPY_PHASE_STRIP = NO;
				DEBUG_INFORMATION_FORMAT = dwarf;
				ENABLE_STRICT_OBJC_MSGSEND = YES;
				ENABLE_TESTABILITY = YES;
				GCC_C_LANGUAGE_STANDARD = gnu11;
				GCC_DYNAMIC_NO_PIC = NO;
				GCC_NO_COMMON_BLOCKS = YES;
				GCC_OPTIMIZATION_LEVEL = 0;
				GCC_PREPROCESSOR_DEFINITIONS = (
					"DEBUG=1",
					"$(inherited)",
				);
				GCC_WARN_64_TO_32_BIT_CONVERSION = YES;
				GCC_WARN_ABOUT_RETURN_TYPE = YES_ERROR;
				GCC_WARN_UNDECLARED_SELECTOR = YES;
				GCC_WARN_UNINITIALIZED_AUTOS = YES_AGGRESSIVE;
				GCC_WARN_UNUSED_FUNCTION = YES;
				GCC_WARN_UNUSED_VARIABLE = YES;
				IPHONEOS_DEPLOYMENT_TARGET = 13.0;
				MTL_ENABLE_DEBUG_INFO = INCLUDE_SOURCE;
				MTL_FAST_MATH = YES;
				ONLY_ACTIVE_ARCH = YES;
				SDKROOT = iphoneos;
				SWIFT_ACTIVE_COMPILATION_CONDITIONS = DEBUG;
				SWIFT_OPTIMIZATION_LEVEL = "-Onone";
			};
			name = Debug;
		};
		F1F07FCB24912108001DEA9B /* Release */ = {
			isa = XCBuildConfiguration;
			buildSettings = {
				ALWAYS_SEARCH_USER_PATHS = NO;
				CLANG_ANALYZER_NONNULL = YES;
				CLANG_ANALYZER_NUMBER_OBJECT_CONVERSION = YES_AGGRESSIVE;
				CLANG_CXX_LANGUAGE_STANDARD = "gnu++14";
				CLANG_CXX_LIBRARY = "libc++";
				CLANG_ENABLE_MODULES = YES;
				CLANG_ENABLE_OBJC_ARC = YES;
				CLANG_ENABLE_OBJC_WEAK = YES;
				CLANG_WARN_BLOCK_CAPTURE_AUTORELEASING = YES;
				CLANG_WARN_BOOL_CONVERSION = YES;
				CLANG_WARN_COMMA = YES;
				CLANG_WARN_CONSTANT_CONVERSION = YES;
				CLANG_WARN_DEPRECATED_OBJC_IMPLEMENTATIONS = YES;
				CLANG_WARN_DIRECT_OBJC_ISA_USAGE = YES_ERROR;
				CLANG_WARN_DOCUMENTATION_COMMENTS = YES;
				CLANG_WARN_EMPTY_BODY = YES;
				CLANG_WARN_ENUM_CONVERSION = YES;
				CLANG_WARN_INFINITE_RECURSION = YES;
				CLANG_WARN_INT_CONVERSION = YES;
				CLANG_WARN_NON_LITERAL_NULL_CONVERSION = YES;
				CLANG_WARN_OBJC_IMPLICIT_RETAIN_SELF = YES;
				CLANG_WARN_OBJC_LITERAL_CONVERSION = YES;
				CLANG_WARN_OBJC_ROOT_CLASS = YES_ERROR;
				CLANG_WARN_QUOTED_INCLUDE_IN_FRAMEWORK_HEADER = YES;
				CLANG_WARN_RANGE_LOOP_ANALYSIS = YES;
				CLANG_WARN_STRICT_PROTOTYPES = YES;
				CLANG_WARN_SUSPICIOUS_MOVE = YES;
				CLANG_WARN_UNGUARDED_AVAILABILITY = YES_AGGRESSIVE;
				CLANG_WARN_UNREACHABLE_CODE = YES;
				CLANG_WARN__DUPLICATE_METHOD_MATCH = YES;
				COPY_PHASE_STRIP = NO;
				DEBUG_INFORMATION_FORMAT = "dwarf-with-dsym";
				ENABLE_NS_ASSERTIONS = NO;
				ENABLE_STRICT_OBJC_MSGSEND = YES;
				GCC_C_LANGUAGE_STANDARD = gnu11;
				GCC_NO_COMMON_BLOCKS = YES;
				GCC_WARN_64_TO_32_BIT_CONVERSION = YES;
				GCC_WARN_ABOUT_RETURN_TYPE = YES_ERROR;
				GCC_WARN_UNDECLARED_SELECTOR = YES;
				GCC_WARN_UNINITIALIZED_AUTOS = YES_AGGRESSIVE;
				GCC_WARN_UNUSED_FUNCTION = YES;
				GCC_WARN_UNUSED_VARIABLE = YES;
				IPHONEOS_DEPLOYMENT_TARGET = 13.0;
				MTL_ENABLE_DEBUG_INFO = NO;
				MTL_FAST_MATH = YES;
				SDKROOT = iphoneos;
				SWIFT_COMPILATION_MODE = wholemodule;
				SWIFT_OPTIMIZATION_LEVEL = "-O";
				VALIDATE_PRODUCT = YES;
			};
			name = Release;
		};
		F1F07FCD24912108001DEA9B /* Debug */ = {
			isa = XCBuildConfiguration;
			buildSettings = {
				ASSETCATALOG_COMPILER_APPICON_NAME = AppIcon;
				ASSETCATALOG_COMPILER_INCLUDE_ALL_APPICON_ASSETS = YES;
				CODE_SIGN_IDENTITY = "Apple Development";
				CODE_SIGN_STYLE = Automatic;
				CURRENT_PROJECT_VERSION = 1;
				DEVELOPMENT_TEAM = YVS4RVRH78;
				INFOPLIST_FILE = CaptionTools/Info.plist;
				INFOPLIST_KEY_CFBundleDisplayName = "Caption Tools";
				IPHONEOS_DEPLOYMENT_TARGET = 14.0;
				LD_RUNPATH_SEARCH_PATHS = (
					"$(inherited)",
					"@executable_path/Frameworks",
				);
				MARKETING_VERSION = 1.4.0;
				PRODUCT_BUNDLE_IDENTIFIER = com.petervirtue.captionBreak;
				PRODUCT_NAME = "Caption Tools";
				PROVISIONING_PROFILE_SPECIFIER = "";
				SWIFT_VERSION = 5.0;
				TARGETED_DEVICE_FAMILY = 1;
			};
			name = Debug;
		};
		F1F07FCE24912108001DEA9B /* Release */ = {
			isa = XCBuildConfiguration;
			buildSettings = {
				ASSETCATALOG_COMPILER_APPICON_NAME = AppIcon;
				ASSETCATALOG_COMPILER_INCLUDE_ALL_APPICON_ASSETS = YES;
				CODE_SIGN_IDENTITY = "Apple Development";
				CODE_SIGN_STYLE = Automatic;
				CURRENT_PROJECT_VERSION = 1;
				DEVELOPMENT_TEAM = YVS4RVRH78;
				INFOPLIST_FILE = CaptionTools/Info.plist;
				INFOPLIST_KEY_CFBundleDisplayName = "Caption Tools";
				IPHONEOS_DEPLOYMENT_TARGET = 14.0;
				LD_RUNPATH_SEARCH_PATHS = (
					"$(inherited)",
					"@executable_path/Frameworks",
				);
				MARKETING_VERSION = 1.4.0;
				PRODUCT_BUNDLE_IDENTIFIER = com.petervirtue.captionBreak;
				PRODUCT_NAME = "Caption Tools";
				PROVISIONING_PROFILE_SPECIFIER = "";
				SWIFT_VERSION = 5.0;
				TARGETED_DEVICE_FAMILY = 1;
			};
			name = Release;
		};
		F1F07FD024912108001DEA9B /* Debug */ = {
			isa = XCBuildConfiguration;
			buildSettings = {
				ALWAYS_EMBED_SWIFT_STANDARD_LIBRARIES = YES;
				BUNDLE_LOADER = "$(TEST_HOST)";
				CODE_SIGN_STYLE = Automatic;
				DEVELOPMENT_TEAM = YVS4RVRH78;
				INFOPLIST_FILE = captionBreakTests/Info.plist;
				IPHONEOS_DEPLOYMENT_TARGET = 13.5;
				LD_RUNPATH_SEARCH_PATHS = (
					"$(inherited)",
					"@executable_path/Frameworks",
					"@loader_path/Frameworks",
				);
				PRODUCT_BUNDLE_IDENTIFIER = com.petervirtue.captionBreak.captionBreakTests;
				PRODUCT_NAME = "$(TARGET_NAME)";
				SWIFT_VERSION = 5.0;
				TARGETED_DEVICE_FAMILY = "1,2";
				TEST_HOST = "$(BUILT_PRODUCTS_DIR)/captionBreak.app/captionBreak";
			};
			name = Debug;
		};
		F1F07FD124912108001DEA9B /* Release */ = {
			isa = XCBuildConfiguration;
			buildSettings = {
				ALWAYS_EMBED_SWIFT_STANDARD_LIBRARIES = YES;
				BUNDLE_LOADER = "$(TEST_HOST)";
				CODE_SIGN_STYLE = Automatic;
				DEVELOPMENT_TEAM = YVS4RVRH78;
				INFOPLIST_FILE = captionBreakTests/Info.plist;
				IPHONEOS_DEPLOYMENT_TARGET = 13.5;
				LD_RUNPATH_SEARCH_PATHS = (
					"$(inherited)",
					"@executable_path/Frameworks",
					"@loader_path/Frameworks",
				);
				PRODUCT_BUNDLE_IDENTIFIER = com.petervirtue.captionBreak.captionBreakTests;
				PRODUCT_NAME = "$(TARGET_NAME)";
				SWIFT_VERSION = 5.0;
				TARGETED_DEVICE_FAMILY = "1,2";
				TEST_HOST = "$(BUILT_PRODUCTS_DIR)/captionBreak.app/captionBreak";
			};
			name = Release;
		};
		F1F07FD324912108001DEA9B /* Debug */ = {
			isa = XCBuildConfiguration;
			buildSettings = {
				ALWAYS_EMBED_SWIFT_STANDARD_LIBRARIES = YES;
				CODE_SIGN_STYLE = Automatic;
				DEVELOPMENT_TEAM = YVS4RVRH78;
				INFOPLIST_FILE = captionBreakUITests/Info.plist;
				LD_RUNPATH_SEARCH_PATHS = (
					"$(inherited)",
					"@executable_path/Frameworks",
					"@loader_path/Frameworks",
				);
				PRODUCT_BUNDLE_IDENTIFIER = com.petervirtue.captionBreak.captionBreakUITests;
				PRODUCT_NAME = "$(TARGET_NAME)";
				SWIFT_VERSION = 5.0;
				TARGETED_DEVICE_FAMILY = "1,2";
				TEST_TARGET_NAME = captionBreak;
			};
			name = Debug;
		};
		F1F07FD424912108001DEA9B /* Release */ = {
			isa = XCBuildConfiguration;
			buildSettings = {
				ALWAYS_EMBED_SWIFT_STANDARD_LIBRARIES = YES;
				CODE_SIGN_STYLE = Automatic;
				DEVELOPMENT_TEAM = YVS4RVRH78;
				INFOPLIST_FILE = captionBreakUITests/Info.plist;
				LD_RUNPATH_SEARCH_PATHS = (
					"$(inherited)",
					"@executable_path/Frameworks",
					"@loader_path/Frameworks",
				);
				PRODUCT_BUNDLE_IDENTIFIER = com.petervirtue.captionBreak.captionBreakUITests;
				PRODUCT_NAME = "$(TARGET_NAME)";
				SWIFT_VERSION = 5.0;
				TARGETED_DEVICE_FAMILY = "1,2";
				TEST_TARGET_NAME = captionBreak;
			};
			name = Release;
		};
/* End XCBuildConfiguration section */

/* Begin XCConfigurationList section */
		F1F07F9D24912105001DEA9B /* Build configuration list for PBXProject "captionBreak" */ = {
			isa = XCConfigurationList;
			buildConfigurations = (
				F1F07FCA24912108001DEA9B /* Debug */,
				F1F07FCB24912108001DEA9B /* Release */,
			);
			defaultConfigurationIsVisible = 0;
			defaultConfigurationName = Release;
		};
		F1F07FCC24912108001DEA9B /* Build configuration list for PBXNativeTarget "captionBreak" */ = {
			isa = XCConfigurationList;
			buildConfigurations = (
				F1F07FCD24912108001DEA9B /* Debug */,
				F1F07FCE24912108001DEA9B /* Release */,
			);
			defaultConfigurationIsVisible = 0;
			defaultConfigurationName = Release;
		};
		F1F07FCF24912108001DEA9B /* Build configuration list for PBXNativeTarget "captionBreakTests" */ = {
			isa = XCConfigurationList;
			buildConfigurations = (
				F1F07FD024912108001DEA9B /* Debug */,
				F1F07FD124912108001DEA9B /* Release */,
			);
			defaultConfigurationIsVisible = 0;
			defaultConfigurationName = Release;
		};
		F1F07FD224912108001DEA9B /* Build configuration list for PBXNativeTarget "captionBreakUITests" */ = {
			isa = XCConfigurationList;
			buildConfigurations = (
				F1F07FD324912108001DEA9B /* Debug */,
				F1F07FD424912108001DEA9B /* Release */,
			);
			defaultConfigurationIsVisible = 0;
			defaultConfigurationName = Release;
		};
/* End XCConfigurationList section */

/* Begin XCVersionGroup section */
		F1AC9FD72493E1810068EEA1 /* Captions.xcdatamodeld */ = {
			isa = XCVersionGroup;
			children = (
				F1AC9FD82493E1810068EEA1 /* Captions.xcdatamodel */,
			);
			currentVersion = F1AC9FD82493E1810068EEA1 /* Captions.xcdatamodel */;
			path = Captions.xcdatamodeld;
			sourceTree = "<group>";
			versionGroupType = wrapper.xcdatamodel;
		};
/* End XCVersionGroup section */
	};
	rootObject = F1F07F9A24912105001DEA9B /* Project object */;
}
